
Microsoft Visual Studio Solution File, Format Version 12.00
# Visual Studio Version 17
VisualStudioVersion = 17.0.31815.197
MinimumVisualStudioVersion = 10.0.40219.1
Project("{9A19103F-16F7-4668-BE54-9A1E7A4F7556}") = "Momiji-Window", "Momiji\Momiji-Window.csproj", "{65F57A7F-7D61-4F87-B05B-D6950A57D57C}"
EndProject
Project("{9A19103F-16F7-4668-BE54-9A1E7A4F7556}") = "MomijiTest", "MomijiTest\MomijiTest.csproj", "{43C039DE-2668-441A-891A-5AA65FB77661}"
EndProject
Project("{FAE04EC0-301F-11D3-BF4B-00C04F79EFBC}") = "MomijiDriver", "MomijiDriver\MomijiDriver.csproj", "{CE688871-9FB9-451B-A515-DBCABB56D4B5}"
EndProject
Global
	GlobalSection(SolutionConfigurationPlatforms) = preSolution
		Debug|Any CPU = Debug|Any CPU
		Release|Any CPU = Release|Any CPU
	EndGlobalSection
	GlobalSection(ProjectConfigurationPlatforms) = postSolution
		{65F57A7F-7D61-4F87-B05B-D6950A57D57C}.Debug|Any CPU.ActiveCfg = Debug|Any CPU
		{65F57A7F-7D61-4F87-B05B-D6950A57D57C}.Debug|Any CPU.Build.0 = Debug|Any CPU
		{65F57A7F-7D61-4F87-B05B-D6950A57D57C}.Release|Any CPU.ActiveCfg = Release|Any CPU
		{65F57A7F-7D61-4F87-B05B-D6950A57D57C}.Release|Any CPU.Build.0 = Release|Any CPU
		{43C039DE-2668-441A-891A-5AA65FB77661}.Debug|Any CPU.ActiveCfg = Debug|Any CPU
		{43C039DE-2668-441A-891A-5AA65FB77661}.Debug|Any CPU.Build.0 = Debug|Any CPU
		{43C039DE-2668-441A-891A-5AA65FB77661}.Release|Any CPU.ActiveCfg = Release|Any CPU
		{43C039DE-2668-441A-891A-5AA65FB77661}.Release|Any CPU.Build.0 = Release|Any CPU
		{CE688871-9FB9-451B-A515-DBCABB56D4B5}.Debug|Any CPU.ActiveCfg = Debug|Any CPU
		{CE688871-9FB9-451B-A515-DBCABB56D4B5}.Debug|Any CPU.Build.0 = Debug|Any CPU
		{CE688871-9FB9-451B-A515-DBCABB56D4B5}.Release|Any CPU.ActiveCfg = Release|Any CPU
		{CE688871-9FB9-451B-A515-DBCABB56D4B5}.Release|Any CPU.Build.0 = Release|Any CPU
	EndGlobalSection
	GlobalSection(SolutionProperties) = preSolution
		HideSolutionNode = FALSE
	EndGlobalSection
	GlobalSection(ExtensibilityGlobals) = postSolution
		SolutionGuid = {2FB69939-B393-4EE1-8023-F3C0A61CBFDA}
	EndGlobalSection
EndGlobal
